
Microsoft Visual Studio Solution File, Format Version 12.00
# Visual Studio Version 17
VisualStudioVersion = 17.1.32328.378
MinimumVisualStudioVersion = 10.0.40219.1
Project("{FAE04EC0-301F-11D3-BF4B-00C04F79EFBC}") = "AutoStrahovanie", "AutoStrahovanie.csproj", "{780DA2CB-51C8-429B-A181-7788270E838D}"
EndProject
Global
	GlobalSection(SolutionConfigurationPlatforms) = preSolution
		Debug|Any CPU = Debug|Any CPU
		Release|Any CPU = Release|Any CPU
	EndGlobalSection
	GlobalSection(ProjectConfigurationPlatforms) = postSolution
		{780DA2CB-51C8-429B-A181-7788270E838D}.Debug|Any CPU.ActiveCfg = Debug|Any CPU
		{780DA2CB-51C8-429B-A181-7788270E838D}.Debug|Any CPU.Build.0 = Debug|Any CPU
		{780DA2CB-51C8-429B-A181-7788270E838D}.Release|Any CPU.ActiveCfg = Release|Any CPU
		{780DA2CB-51C8-429B-A181-7788270E838D}.Release|Any CPU.Build.0 = Release|Any CPU
	EndGlobalSection
	GlobalSection(SolutionProperties) = preSolution
		HideSolutionNode = FALSE
	EndGlobalSection
	GlobalSection(ExtensibilityGlobals) = postSolution
		SolutionGuid = {D06D0B39-97E5-4BBC-85A6-F52323C47C5A}
	EndGlobalSection
EndGlobal
